// !$*UTF8*$!
{
	archiveVersion = 1;
	classes = {
	};
	objectVersion = 50;
	objects = {

/* Begin PBXBuildFile section */
		F80D6FB925443BC500A90235 /* HistoryView.swift in Sources */ = {isa = PBXBuildFile; fileRef = F80D6FB825443BC500A90235 /* HistoryView.swift */; };
		F80D70162552455500A90235 /* Localizable.strings in Resources */ = {isa = PBXBuildFile; fileRef = F80D70192552455500A90235 /* Localizable.strings */; };
		F80D70172552455500A90235 /* Localizable.strings in Resources */ = {isa = PBXBuildFile; fileRef = F80D70192552455500A90235 /* Localizable.strings */; };
		F80D703E25528BCF00A90235 /* CloudKit.framework in Frameworks */ = {isa = PBXBuildFile; fileRef = F80D702C25528B3C00A90235 /* CloudKit.framework */; };
		F80D703F25528BCF00A90235 /* CloudKit.framework in Embed Frameworks */ = {isa = PBXBuildFile; fileRef = F80D702C25528B3C00A90235 /* CloudKit.framework */; settings = {ATTRIBUTES = (RemoveHeadersOnCopy, ); }; };
		F859261723E7E5B5001EDE5C /* AppDelegate.swift in Sources */ = {isa = PBXBuildFile; fileRef = F859261623E7E5B5001EDE5C /* AppDelegate.swift */; };
		F859261923E7E5B5001EDE5C /* SceneDelegate.swift in Sources */ = {isa = PBXBuildFile; fileRef = F859261823E7E5B5001EDE5C /* SceneDelegate.swift */; };
		F859261C23E7E5B5001EDE5C /* Maester.xcdatamodeld in Sources */ = {isa = PBXBuildFile; fileRef = F859261A23E7E5B5001EDE5C /* Maester.xcdatamodeld */; };
		F859261E23E7E5B5001EDE5C /* ContentView.swift in Sources */ = {isa = PBXBuildFile; fileRef = F859261D23E7E5B5001EDE5C /* ContentView.swift */; };
		F859262023E7E5B6001EDE5C /* Assets.xcassets in Resources */ = {isa = PBXBuildFile; fileRef = F859261F23E7E5B6001EDE5C /* Assets.xcassets */; };
		F859262323E7E5B6001EDE5C /* Preview Assets.xcassets in Resources */ = {isa = PBXBuildFile; fileRef = F859262223E7E5B6001EDE5C /* Preview Assets.xcassets */; };
		F859262623E7E5B6001EDE5C /* LaunchScreen.storyboard in Resources */ = {isa = PBXBuildFile; fileRef = F859262423E7E5B6001EDE5C /* LaunchScreen.storyboard */; };
		F859263123E7E5B6001EDE5C /* MaesterTests.swift in Sources */ = {isa = PBXBuildFile; fileRef = F859263023E7E5B6001EDE5C /* MaesterTests.swift */; };
		F859263C23E7E5B6001EDE5C /* MaesterUITests.swift in Sources */ = {isa = PBXBuildFile; fileRef = F859263B23E7E5B6001EDE5C /* MaesterUITests.swift */; };
		F859264A23E87D5F001EDE5C /* StoreEntity.swift in Sources */ = {isa = PBXBuildFile; fileRef = F859264923E87D5F001EDE5C /* StoreEntity.swift */; };
		F859264B23E87D5F001EDE5C /* StoreEntity.swift in Sources */ = {isa = PBXBuildFile; fileRef = F859264923E87D5F001EDE5C /* StoreEntity.swift */; };
		F859264D23E89286001EDE5C /* Http.swift in Sources */ = {isa = PBXBuildFile; fileRef = F859264C23E89286001EDE5C /* Http.swift */; };
		F859264E23E89286001EDE5C /* Http.swift in Sources */ = {isa = PBXBuildFile; fileRef = F859264C23E89286001EDE5C /* Http.swift */; };
		F859265023E94A33001EDE5C /* Maester.swift in Sources */ = {isa = PBXBuildFile; fileRef = F859264F23E94A33001EDE5C /* Maester.swift */; };
		F859265123E94A33001EDE5C /* Maester.swift in Sources */ = {isa = PBXBuildFile; fileRef = F859264F23E94A33001EDE5C /* Maester.swift */; };
		F859268B23EDDC61001EDE5C /* ShareViewController.swift in Sources */ = {isa = PBXBuildFile; fileRef = F859268A23EDDC61001EDE5C /* ShareViewController.swift */; };
		F859268E23EDDC61001EDE5C /* MainInterface.storyboard in Resources */ = {isa = PBXBuildFile; fileRef = F859268C23EDDC61001EDE5C /* MainInterface.storyboard */; };
		F859269223EDDC61001EDE5C /* MSE.appex in Embed App Extensions */ = {isa = PBXBuildFile; fileRef = F859268823EDDC61001EDE5C /* MSE.appex */; settings = {ATTRIBUTES = (RemoveHeadersOnCopy, ); }; };
		F859269723EEB6E2001EDE5C /* NewPageView.swift in Sources */ = {isa = PBXBuildFile; fileRef = F859269623EEB6E2001EDE5C /* NewPageView.swift */; };
		F86C690723FBBC0C002A1663 /* ViewMisc.swift in Sources */ = {isa = PBXBuildFile; fileRef = F86C690623FBBC0C002A1663 /* ViewMisc.swift */; };
		F86C690D2412BD8E002A1663 /* EntryView.swift in Sources */ = {isa = PBXBuildFile; fileRef = F86C690C2412BD8E002A1663 /* EntryView.swift */; };
		F86C690F2412BDA6002A1663 /* LoginView.swift in Sources */ = {isa = PBXBuildFile; fileRef = F86C690E2412BDA6002A1663 /* LoginView.swift */; };
		F86C69112412CFBE002A1663 /* AccountView.swift in Sources */ = {isa = PBXBuildFile; fileRef = F86C69102412CFBE002A1663 /* AccountView.swift */; };
		F894179E23EFFA0100F4A251 /* PageDetailView.swift in Sources */ = {isa = PBXBuildFile; fileRef = F894179D23EFFA0100F4A251 /* PageDetailView.swift */; };
		F89417A023F023D200F4A251 /* EditPageView.swift in Sources */ = {isa = PBXBuildFile; fileRef = F894179F23F023D200F4A251 /* EditPageView.swift */; };
		F89417A223F0681100F4A251 /* SearchView.swift in Sources */ = {isa = PBXBuildFile; fileRef = F89417A123F0681100F4A251 /* SearchView.swift */; };
		F89417A423F0752600F4A251 /* SearchResultView.swift in Sources */ = {isa = PBXBuildFile; fileRef = F89417A323F0752600F4A251 /* SearchResultView.swift */; };
/* End PBXBuildFile section */

/* Begin PBXContainerItemProxy section */
		F859262D23E7E5B6001EDE5C /* PBXContainerItemProxy */ = {
			isa = PBXContainerItemProxy;
			containerPortal = F859260B23E7E5B5001EDE5C /* Project object */;
			proxyType = 1;
			remoteGlobalIDString = F859261223E7E5B5001EDE5C;
			remoteInfo = Maester;
		};
		F859263823E7E5B6001EDE5C /* PBXContainerItemProxy */ = {
			isa = PBXContainerItemProxy;
			containerPortal = F859260B23E7E5B5001EDE5C /* Project object */;
			proxyType = 1;
			remoteGlobalIDString = F859261223E7E5B5001EDE5C;
			remoteInfo = Maester;
		};
		F859269023EDDC61001EDE5C /* PBXContainerItemProxy */ = {
			isa = PBXContainerItemProxy;
			containerPortal = F859260B23E7E5B5001EDE5C /* Project object */;
			proxyType = 1;
			remoteGlobalIDString = F859268723EDDC61001EDE5C;
			remoteInfo = MSE;
		};
/* End PBXContainerItemProxy section */

/* Begin PBXCopyFilesBuildPhase section */
		F80D704025528BCF00A90235 /* Embed Frameworks */ = {
			isa = PBXCopyFilesBuildPhase;
			buildActionMask = 2147483647;
			dstPath = "";
			dstSubfolderSpec = 10;
			files = (
				F80D703F25528BCF00A90235 /* CloudKit.framework in Embed Frameworks */,
			);
			name = "Embed Frameworks";
			runOnlyForDeploymentPostprocessing = 0;
		};
		F859266423E966CB001EDE5C /* Embed App Extensions */ = {
			isa = PBXCopyFilesBuildPhase;
			buildActionMask = 2147483647;
			dstPath = "";
			dstSubfolderSpec = 13;
			files = (
				F859269223EDDC61001EDE5C /* MSE.appex in Embed App Extensions */,
			);
			name = "Embed App Extensions";
			runOnlyForDeploymentPostprocessing = 0;
		};
/* End PBXCopyFilesBuildPhase section */

/* Begin PBXFileReference section */
		F80D6FB825443BC500A90235 /* HistoryView.swift */ = {isa = PBXFileReference; lastKnownFileType = sourcecode.swift; path = HistoryView.swift; sourceTree = "<group>"; };
		F80D70042552441400A90235 /* zh-Hans */ = {isa = PBXFileReference; lastKnownFileType = text.plist.strings; name = "zh-Hans"; path = "zh-Hans.lproj/LaunchScreen.strings"; sourceTree = "<group>"; };
		F80D70062552441500A90235 /* zh-Hans */ = {isa = PBXFileReference; lastKnownFileType = text.plist.strings; name = "zh-Hans"; path = "zh-Hans.lproj/MainInterface.strings"; sourceTree = "<group>"; };
		F80D70182552455500A90235 /* en */ = {isa = PBXFileReference; lastKnownFileType = text.plist.strings; name = en; path = en.lproj/Localizable.strings; sourceTree = "<group>"; };
		F80D701E2552455900A90235 /* zh-Hans */ = {isa = PBXFileReference; lastKnownFileType = text.plist.strings; name = "zh-Hans"; path = "zh-Hans.lproj/Localizable.strings"; sourceTree = "<group>"; };
		F80D702C25528B3C00A90235 /* CloudKit.framework */ = {isa = PBXFileReference; lastKnownFileType = wrapper.framework; name = CloudKit.framework; path = System/Library/Frameworks/CloudKit.framework; sourceTree = SDKROOT; };
		F859261323E7E5B5001EDE5C /* Maester.app */ = {isa = PBXFileReference; explicitFileType = wrapper.application; includeInIndex = 0; path = Maester.app; sourceTree = BUILT_PRODUCTS_DIR; };
		F859261623E7E5B5001EDE5C /* AppDelegate.swift */ = {isa = PBXFileReference; lastKnownFileType = sourcecode.swift; path = AppDelegate.swift; sourceTree = "<group>"; };
		F859261823E7E5B5001EDE5C /* SceneDelegate.swift */ = {isa = PBXFileReference; lastKnownFileType = sourcecode.swift; path = SceneDelegate.swift; sourceTree = "<group>"; };
		F859261B23E7E5B5001EDE5C /* Maester.xcdatamodel */ = {isa = PBXFileReference; lastKnownFileType = wrapper.xcdatamodel; path = Maester.xcdatamodel; sourceTree = "<group>"; };
		F859261D23E7E5B5001EDE5C /* ContentView.swift */ = {isa = PBXFileReference; lastKnownFileType = sourcecode.swift; path = ContentView.swift; sourceTree = "<group>"; };
		F859261F23E7E5B6001EDE5C /* Assets.xcassets */ = {isa = PBXFileReference; lastKnownFileType = folder.assetcatalog; path = Assets.xcassets; sourceTree = "<group>"; };
		F859262223E7E5B6001EDE5C /* Preview Assets.xcassets */ = {isa = PBXFileReference; lastKnownFileType = folder.assetcatalog; path = "Preview Assets.xcassets"; sourceTree = "<group>"; };
		F859262523E7E5B6001EDE5C /* Base */ = {isa = PBXFileReference; lastKnownFileType = file.storyboard; name = Base; path = Base.lproj/LaunchScreen.storyboard; sourceTree = "<group>"; };
		F859262723E7E5B6001EDE5C /* Info.plist */ = {isa = PBXFileReference; lastKnownFileType = text.plist.xml; path = Info.plist; sourceTree = "<group>"; };
		F859262C23E7E5B6001EDE5C /* MaesterTests.xctest */ = {isa = PBXFileReference; explicitFileType = wrapper.cfbundle; includeInIndex = 0; path = MaesterTests.xctest; sourceTree = BUILT_PRODUCTS_DIR; };
		F859263023E7E5B6001EDE5C /* MaesterTests.swift */ = {isa = PBXFileReference; lastKnownFileType = sourcecode.swift; path = MaesterTests.swift; sourceTree = "<group>"; };
		F859263223E7E5B6001EDE5C /* Info.plist */ = {isa = PBXFileReference; lastKnownFileType = text.plist.xml; path = Info.plist; sourceTree = "<group>"; };
		F859263723E7E5B6001EDE5C /* MaesterUITests.xctest */ = {isa = PBXFileReference; explicitFileType = wrapper.cfbundle; includeInIndex = 0; path = MaesterUITests.xctest; sourceTree = BUILT_PRODUCTS_DIR; };
		F859263B23E7E5B6001EDE5C /* MaesterUITests.swift */ = {isa = PBXFileReference; lastKnownFileType = sourcecode.swift; path = MaesterUITests.swift; sourceTree = "<group>"; };
		F859263D23E7E5B6001EDE5C /* Info.plist */ = {isa = PBXFileReference; lastKnownFileType = text.plist.xml; path = Info.plist; sourceTree = "<group>"; };
		F859264923E87D5F001EDE5C /* StoreEntity.swift */ = {isa = PBXFileReference; lastKnownFileType = sourcecode.swift; path = StoreEntity.swift; sourceTree = "<group>"; };
		F859264C23E89286001EDE5C /* Http.swift */ = {isa = PBXFileReference; lastKnownFileType = sourcecode.swift; path = Http.swift; sourceTree = "<group>"; };
		F859264F23E94A33001EDE5C /* Maester.swift */ = {isa = PBXFileReference; lastKnownFileType = sourcecode.swift; path = Maester.swift; sourceTree = "<group>"; };
		F859266523E9673B001EDE5C /* Maester.entitlements */ = {isa = PBXFileReference; lastKnownFileType = text.plist.entitlements; path = Maester.entitlements; sourceTree = "<group>"; };
		F859268823EDDC61001EDE5C /* MSE.appex */ = {isa = PBXFileReference; explicitFileType = "wrapper.app-extension"; includeInIndex = 0; path = MSE.appex; sourceTree = BUILT_PRODUCTS_DIR; };
		F859268A23EDDC61001EDE5C /* ShareViewController.swift */ = {isa = PBXFileReference; lastKnownFileType = sourcecode.swift; path = ShareViewController.swift; sourceTree = "<group>"; };
		F859268D23EDDC61001EDE5C /* Base */ = {isa = PBXFileReference; lastKnownFileType = file.storyboard; name = Base; path = Base.lproj/MainInterface.storyboard; sourceTree = "<group>"; };
		F859268F23EDDC61001EDE5C /* Info.plist */ = {isa = PBXFileReference; lastKnownFileType = text.plist.xml; path = Info.plist; sourceTree = "<group>"; };
		F859269623EEB6E2001EDE5C /* NewPageView.swift */ = {isa = PBXFileReference; lastKnownFileType = sourcecode.swift; path = NewPageView.swift; sourceTree = "<group>"; };
		F86C690623FBBC0C002A1663 /* ViewMisc.swift */ = {isa = PBXFileReference; lastKnownFileType = sourcecode.swift; path = ViewMisc.swift; sourceTree = "<group>"; };
		F86C690C2412BD8E002A1663 /* EntryView.swift */ = {isa = PBXFileReference; lastKnownFileType = sourcecode.swift; path = EntryView.swift; sourceTree = "<group>"; };
		F86C690E2412BDA6002A1663 /* LoginView.swift */ = {isa = PBXFileReference; lastKnownFileType = sourcecode.swift; path = LoginView.swift; sourceTree = "<group>"; };
		F86C69102412CFBE002A1663 /* AccountView.swift */ = {isa = PBXFileReference; lastKnownFileType = sourcecode.swift; path = AccountView.swift; sourceTree = "<group>"; };
		F894179D23EFFA0100F4A251 /* PageDetailView.swift */ = {isa = PBXFileReference; lastKnownFileType = sourcecode.swift; path = PageDetailView.swift; sourceTree = "<group>"; };
		F894179F23F023D200F4A251 /* EditPageView.swift */ = {isa = PBXFileReference; lastKnownFileType = sourcecode.swift; path = EditPageView.swift; sourceTree = "<group>"; };
		F89417A123F0681100F4A251 /* SearchView.swift */ = {isa = PBXFileReference; lastKnownFileType = sourcecode.swift; path = SearchView.swift; sourceTree = "<group>"; };
		F89417A323F0752600F4A251 /* SearchResultView.swift */ = {isa = PBXFileReference; lastKnownFileType = sourcecode.swift; path = SearchResultView.swift; sourceTree = "<group>"; };
/* End PBXFileReference section */

/* Begin PBXFrameworksBuildPhase section */
		F859261023E7E5B5001EDE5C /* Frameworks */ = {
			isa = PBXFrameworksBuildPhase;
			buildActionMask = 2147483647;
			files = (
				F80D703E25528BCF00A90235 /* CloudKit.framework in Frameworks */,
			);
			runOnlyForDeploymentPostprocessing = 0;
		};
		F859262923E7E5B6001EDE5C /* Frameworks */ = {
			isa = PBXFrameworksBuildPhase;
			buildActionMask = 2147483647;
			files = (
			);
			runOnlyForDeploymentPostprocessing = 0;
		};
		F859263423E7E5B6001EDE5C /* Frameworks */ = {
			isa = PBXFrameworksBuildPhase;
			buildActionMask = 2147483647;
			files = (
			);
			runOnlyForDeploymentPostprocessing = 0;
		};
		F859268523EDDC61001EDE5C /* Frameworks */ = {
			isa = PBXFrameworksBuildPhase;
			buildActionMask = 2147483647;
			files = (
			);
			runOnlyForDeploymentPostprocessing = 0;
		};
/* End PBXFrameworksBuildPhase section */

/* Begin PBXGroup section */
		F80D702B25528B3C00A90235 /* Frameworks */ = {
			isa = PBXGroup;
			children = (
				F80D702C25528B3C00A90235 /* CloudKit.framework */,
			);
			name = Frameworks;
			sourceTree = "<group>";
		};
		F859260A23E7E5B5001EDE5C = {
			isa = PBXGroup;
			children = (
				F80D70192552455500A90235 /* Localizable.strings */,
				F859261523E7E5B5001EDE5C /* Maester */,
				F859262F23E7E5B6001EDE5C /* MaesterTests */,
				F859263A23E7E5B6001EDE5C /* MaesterUITests */,
				F859268923EDDC61001EDE5C /* MSE */,
				F859261423E7E5B5001EDE5C /* Products */,
				F80D702B25528B3C00A90235 /* Frameworks */,
			);
			sourceTree = "<group>";
		};
		F859261423E7E5B5001EDE5C /* Products */ = {
			isa = PBXGroup;
			children = (
				F859261323E7E5B5001EDE5C /* Maester.app */,
				F859262C23E7E5B6001EDE5C /* MaesterTests.xctest */,
				F859263723E7E5B6001EDE5C /* MaesterUITests.xctest */,
				F859268823EDDC61001EDE5C /* MSE.appex */,
			);
			name = Products;
			sourceTree = "<group>";
		};
		F859261523E7E5B5001EDE5C /* Maester */ = {
			isa = PBXGroup;
			children = (
				F859266523E9673B001EDE5C /* Maester.entitlements */,
				F859261623E7E5B5001EDE5C /* AppDelegate.swift */,
				F859261823E7E5B5001EDE5C /* SceneDelegate.swift */,
				F86C690C2412BD8E002A1663 /* EntryView.swift */,
				F86C690E2412BDA6002A1663 /* LoginView.swift */,
				F86C69102412CFBE002A1663 /* AccountView.swift */,
				F859261D23E7E5B5001EDE5C /* ContentView.swift */,
				F86C690623FBBC0C002A1663 /* ViewMisc.swift */,
				F89417A123F0681100F4A251 /* SearchView.swift */,
				F89417A323F0752600F4A251 /* SearchResultView.swift */,
				F894179F23F023D200F4A251 /* EditPageView.swift */,
				F859269623EEB6E2001EDE5C /* NewPageView.swift */,
				F859261F23E7E5B6001EDE5C /* Assets.xcassets */,
				F859262423E7E5B6001EDE5C /* LaunchScreen.storyboard */,
				F859262723E7E5B6001EDE5C /* Info.plist */,
				F859261A23E7E5B5001EDE5C /* Maester.xcdatamodeld */,
				F859262123E7E5B6001EDE5C /* Preview Content */,
				F859264923E87D5F001EDE5C /* StoreEntity.swift */,
				F859264F23E94A33001EDE5C /* Maester.swift */,
				F859264C23E89286001EDE5C /* Http.swift */,
				F894179D23EFFA0100F4A251 /* PageDetailView.swift */,
				F80D6FB825443BC500A90235 /* HistoryView.swift */,
			);
			path = Maester;
			sourceTree = "<group>";
		};
		F859262123E7E5B6001EDE5C /* Preview Content */ = {
			isa = PBXGroup;
			children = (
				F859262223E7E5B6001EDE5C /* Preview Assets.xcassets */,
			);
			path = "Preview Content";
			sourceTree = "<group>";
		};
		F859262F23E7E5B6001EDE5C /* MaesterTests */ = {
			isa = PBXGroup;
			children = (
				F859263023E7E5B6001EDE5C /* MaesterTests.swift */,
				F859263223E7E5B6001EDE5C /* Info.plist */,
			);
			path = MaesterTests;
			sourceTree = "<group>";
		};
		F859263A23E7E5B6001EDE5C /* MaesterUITests */ = {
			isa = PBXGroup;
			children = (
				F859263B23E7E5B6001EDE5C /* MaesterUITests.swift */,
				F859263D23E7E5B6001EDE5C /* Info.plist */,
			);
			path = MaesterUITests;
			sourceTree = "<group>";
		};
		F859268923EDDC61001EDE5C /* MSE */ = {
			isa = PBXGroup;
			children = (
				F859268A23EDDC61001EDE5C /* ShareViewController.swift */,
				F859268C23EDDC61001EDE5C /* MainInterface.storyboard */,
				F859268F23EDDC61001EDE5C /* Info.plist */,
			);
			path = MSE;
			sourceTree = "<group>";
		};
/* End PBXGroup section */

/* Begin PBXNativeTarget section */
		F859261223E7E5B5001EDE5C /* Maester */ = {
			isa = PBXNativeTarget;
			buildConfigurationList = F859264023E7E5B6001EDE5C /* Build configuration list for PBXNativeTarget "Maester" */;
			buildPhases = (
				F859260F23E7E5B5001EDE5C /* Sources */,
				F859261023E7E5B5001EDE5C /* Frameworks */,
				F859261123E7E5B5001EDE5C /* Resources */,
				F859266423E966CB001EDE5C /* Embed App Extensions */,
				F80D704025528BCF00A90235 /* Embed Frameworks */,
			);
			buildRules = (
			);
			dependencies = (
				F859269123EDDC61001EDE5C /* PBXTargetDependency */,
			);
			name = Maester;
			productName = Maester;
			productReference = F859261323E7E5B5001EDE5C /* Maester.app */;
			productType = "com.apple.product-type.application";
		};
		F859262B23E7E5B6001EDE5C /* MaesterTests */ = {
			isa = PBXNativeTarget;
			buildConfigurationList = F859264323E7E5B6001EDE5C /* Build configuration list for PBXNativeTarget "MaesterTests" */;
			buildPhases = (
				F859262823E7E5B6001EDE5C /* Sources */,
				F859262923E7E5B6001EDE5C /* Frameworks */,
				F859262A23E7E5B6001EDE5C /* Resources */,
			);
			buildRules = (
			);
			dependencies = (
				F859262E23E7E5B6001EDE5C /* PBXTargetDependency */,
			);
			name = MaesterTests;
			productName = MaesterTests;
			productReference = F859262C23E7E5B6001EDE5C /* MaesterTests.xctest */;
			productType = "com.apple.product-type.bundle.unit-test";
		};
		F859263623E7E5B6001EDE5C /* MaesterUITests */ = {
			isa = PBXNativeTarget;
			buildConfigurationList = F859264623E7E5B6001EDE5C /* Build configuration list for PBXNativeTarget "MaesterUITests" */;
			buildPhases = (
				F859263323E7E5B6001EDE5C /* Sources */,
				F859263423E7E5B6001EDE5C /* Frameworks */,
				F859263523E7E5B6001EDE5C /* Resources */,
			);
			buildRules = (
			);
			dependencies = (
				F859263923E7E5B6001EDE5C /* PBXTargetDependency */,
			);
			name = MaesterUITests;
			productName = MaesterUITests;
			productReference = F859263723E7E5B6001EDE5C /* MaesterUITests.xctest */;
			productType = "com.apple.product-type.bundle.ui-testing";
		};
		F859268723EDDC61001EDE5C /* MSE */ = {
			isa = PBXNativeTarget;
			buildConfigurationList = F859269523EDDC61001EDE5C /* Build configuration list for PBXNativeTarget "MSE" */;
			buildPhases = (
				F859268423EDDC61001EDE5C /* Sources */,
				F859268523EDDC61001EDE5C /* Frameworks */,
				F859268623EDDC61001EDE5C /* Resources */,
			);
			buildRules = (
			);
			dependencies = (
			);
			name = MSE;
			productName = MSE;
			productReference = F859268823EDDC61001EDE5C /* MSE.appex */;
			productType = "com.apple.product-type.app-extension";
		};
/* End PBXNativeTarget section */

/* Begin PBXProject section */
		F859260B23E7E5B5001EDE5C /* Project object */ = {
			isa = PBXProject;
			attributes = {
				LastSwiftUpdateCheck = 1130;
				LastUpgradeCheck = 1210;
				ORGANIZATIONNAME = "Stefan Liu";
				TargetAttributes = {
					F859261223E7E5B5001EDE5C = {
						CreatedOnToolsVersion = 11.3.1;
					};
					F859262B23E7E5B6001EDE5C = {
						CreatedOnToolsVersion = 11.3.1;
						TestTargetID = F859261223E7E5B5001EDE5C;
					};
					F859263623E7E5B6001EDE5C = {
						CreatedOnToolsVersion = 11.3.1;
						TestTargetID = F859261223E7E5B5001EDE5C;
					};
					F859268723EDDC61001EDE5C = {
						CreatedOnToolsVersion = 11.3.1;
					};
				};
			};
			buildConfigurationList = F859260E23E7E5B5001EDE5C /* Build configuration list for PBXProject "Maester" */;
			compatibilityVersion = "Xcode 9.3";
			developmentRegion = en;
			hasScannedForEncodings = 0;
			knownRegions = (
				en,
				Base,
				"zh-Hans",
			);
			mainGroup = F859260A23E7E5B5001EDE5C;
			productRefGroup = F859261423E7E5B5001EDE5C /* Products */;
			projectDirPath = "";
			projectRoot = "";
			targets = (
				F859261223E7E5B5001EDE5C /* Maester */,
				F859262B23E7E5B6001EDE5C /* MaesterTests */,
				F859263623E7E5B6001EDE5C /* MaesterUITests */,
				F859268723EDDC61001EDE5C /* MSE */,
			);
		};
/* End PBXProject section */

/* Begin PBXResourcesBuildPhase section */
		F859261123E7E5B5001EDE5C /* Resources */ = {
			isa = PBXResourcesBuildPhase;
			buildActionMask = 2147483647;
			files = (
				F859262623E7E5B6001EDE5C /* LaunchScreen.storyboard in Resources */,
				F80D70162552455500A90235 /* Localizable.strings in Resources */,
				F859262323E7E5B6001EDE5C /* Preview Assets.xcassets in Resources */,
				F859262023E7E5B6001EDE5C /* Assets.xcassets in Resources */,
			);
			runOnlyForDeploymentPostprocessing = 0;
		};
		F859262A23E7E5B6001EDE5C /* Resources */ = {
			isa = PBXResourcesBuildPhase;
			buildActionMask = 2147483647;
			files = (
			);
			runOnlyForDeploymentPostprocessing = 0;
		};
		F859263523E7E5B6001EDE5C /* Resources */ = {
			isa = PBXResourcesBuildPhase;
			buildActionMask = 2147483647;
			files = (
			);
			runOnlyForDeploymentPostprocessing = 0;
		};
		F859268623EDDC61001EDE5C /* Resources */ = {
			isa = PBXResourcesBuildPhase;
			buildActionMask = 2147483647;
			files = (
				F859268E23EDDC61001EDE5C /* MainInterface.storyboard in Resources */,
				F80D70172552455500A90235 /* Localizable.strings in Resources */,
			);
			runOnlyForDeploymentPostprocessing = 0;
		};
/* End PBXResourcesBuildPhase section */

/* Begin PBXSourcesBuildPhase section */
		F859260F23E7E5B5001EDE5C /* Sources */ = {
			isa = PBXSourcesBuildPhase;
			buildActionMask = 2147483647;
			files = (
				F859261C23E7E5B5001EDE5C /* Maester.xcdatamodeld in Sources */,
				F89417A423F0752600F4A251 /* SearchResultView.swift in Sources */,
				F859261723E7E5B5001EDE5C /* AppDelegate.swift in Sources */,
				F86C690F2412BDA6002A1663 /* LoginView.swift in Sources */,
				F86C69112412CFBE002A1663 /* AccountView.swift in Sources */,
				F859261E23E7E5B5001EDE5C /* ContentView.swift in Sources */,
				F859265023E94A33001EDE5C /* Maester.swift in Sources */,
				F859261923E7E5B5001EDE5C /* SceneDelegate.swift in Sources */,
				F89417A023F023D200F4A251 /* EditPageView.swift in Sources */,
				F859264A23E87D5F001EDE5C /* StoreEntity.swift in Sources */,
				F86C690723FBBC0C002A1663 /* ViewMisc.swift in Sources */,
				F894179E23EFFA0100F4A251 /* PageDetailView.swift in Sources */,
				F859269723EEB6E2001EDE5C /* NewPageView.swift in Sources */,
				F86C690D2412BD8E002A1663 /* EntryView.swift in Sources */,
				F859264D23E89286001EDE5C /* Http.swift in Sources */,
				F80D6FB925443BC500A90235 /* HistoryView.swift in Sources */,
				F89417A223F0681100F4A251 /* SearchView.swift in Sources */,
			);
			runOnlyForDeploymentPostprocessing = 0;
		};
		F859262823E7E5B6001EDE5C /* Sources */ = {
			isa = PBXSourcesBuildPhase;
			buildActionMask = 2147483647;
			files = (
				F859264B23E87D5F001EDE5C /* StoreEntity.swift in Sources */,
				F859265123E94A33001EDE5C /* Maester.swift in Sources */,
				F859263123E7E5B6001EDE5C /* MaesterTests.swift in Sources */,
				F859264E23E89286001EDE5C /* Http.swift in Sources */,
			);
			runOnlyForDeploymentPostprocessing = 0;
		};
		F859263323E7E5B6001EDE5C /* Sources */ = {
			isa = PBXSourcesBuildPhase;
			buildActionMask = 2147483647;
			files = (
				F859263C23E7E5B6001EDE5C /* MaesterUITests.swift in Sources */,
			);
			runOnlyForDeploymentPostprocessing = 0;
		};
		F859268423EDDC61001EDE5C /* Sources */ = {
			isa = PBXSourcesBuildPhase;
			buildActionMask = 2147483647;
			files = (
				F859268B23EDDC61001EDE5C /* ShareViewController.swift in Sources */,
			);
			runOnlyForDeploymentPostprocessing = 0;
		};
/* End PBXSourcesBuildPhase section */

/* Begin PBXTargetDependency section */
		F859262E23E7E5B6001EDE5C /* PBXTargetDependency */ = {
			isa = PBXTargetDependency;
			target = F859261223E7E5B5001EDE5C /* Maester */;
			targetProxy = F859262D23E7E5B6001EDE5C /* PBXContainerItemProxy */;
		};
		F859263923E7E5B6001EDE5C /* PBXTargetDependency */ = {
			isa = PBXTargetDependency;
			target = F859261223E7E5B5001EDE5C /* Maester */;
			targetProxy = F859263823E7E5B6001EDE5C /* PBXContainerItemProxy */;
		};
		F859269123EDDC61001EDE5C /* PBXTargetDependency */ = {
			isa = PBXTargetDependency;
			target = F859268723EDDC61001EDE5C /* MSE */;
			targetProxy = F859269023EDDC61001EDE5C /* PBXContainerItemProxy */;
		};
/* End PBXTargetDependency section */

/* Begin PBXVariantGroup section */
		F80D70192552455500A90235 /* Localizable.strings */ = {
			isa = PBXVariantGroup;
			children = (
				F80D70182552455500A90235 /* en */,
				F80D701E2552455900A90235 /* zh-Hans */,
			);
			name = Localizable.strings;
			sourceTree = "<group>";
		};
		F859262423E7E5B6001EDE5C /* LaunchScreen.storyboard */ = {
			isa = PBXVariantGroup;
			children = (
				F859262523E7E5B6001EDE5C /* Base */,
				F80D70042552441400A90235 /* zh-Hans */,
			);
			name = LaunchScreen.storyboard;
			sourceTree = "<group>";
		};
		F859268C23EDDC61001EDE5C /* MainInterface.storyboard */ = {
			isa = PBXVariantGroup;
			children = (
				F859268D23EDDC61001EDE5C /* Base */,
				F80D70062552441500A90235 /* zh-Hans */,
			);
			name = MainInterface.storyboard;
			sourceTree = "<group>";
		};
/* End PBXVariantGroup section */

/* Begin XCBuildConfiguration section */
		F859263E23E7E5B6001EDE5C /* Debug */ = {
			isa = XCBuildConfiguration;
			buildSettings = {
				ALWAYS_SEARCH_USER_PATHS = NO;
				CLANG_ANALYZER_LOCALIZABILITY_NONLOCALIZED = YES;
				CLANG_ANALYZER_NONNULL = YES;
				CLANG_ANALYZER_NUMBER_OBJECT_CONVERSION = YES_AGGRESSIVE;
				CLANG_CXX_LANGUAGE_STANDARD = "gnu++14";
				CLANG_CXX_LIBRARY = "libc++";
				CLANG_ENABLE_MODULES = YES;
				CLANG_ENABLE_OBJC_ARC = YES;
				CLANG_ENABLE_OBJC_WEAK = YES;
				CLANG_WARN_BLOCK_CAPTURE_AUTORELEASING = YES;
				CLANG_WARN_BOOL_CONVERSION = YES;
				CLANG_WARN_COMMA = YES;
				CLANG_WARN_CONSTANT_CONVERSION = YES;
				CLANG_WARN_DEPRECATED_OBJC_IMPLEMENTATIONS = YES;
				CLANG_WARN_DIRECT_OBJC_ISA_USAGE = YES_ERROR;
				CLANG_WARN_DOCUMENTATION_COMMENTS = YES;
				CLANG_WARN_EMPTY_BODY = YES;
				CLANG_WARN_ENUM_CONVERSION = YES;
				CLANG_WARN_INFINITE_RECURSION = YES;
				CLANG_WARN_INT_CONVERSION = YES;
				CLANG_WARN_NON_LITERAL_NULL_CONVERSION = YES;
				CLANG_WARN_OBJC_IMPLICIT_RETAIN_SELF = YES;
				CLANG_WARN_OBJC_LITERAL_CONVERSION = YES;
				CLANG_WARN_OBJC_ROOT_CLASS = YES_ERROR;
				CLANG_WARN_QUOTED_INCLUDE_IN_FRAMEWORK_HEADER = YES;
				CLANG_WARN_RANGE_LOOP_ANALYSIS = YES;
				CLANG_WARN_STRICT_PROTOTYPES = YES;
				CLANG_WARN_SUSPICIOUS_MOVE = YES;
				CLANG_WARN_UNGUARDED_AVAILABILITY = YES_AGGRESSIVE;
				CLANG_WARN_UNREACHABLE_CODE = YES;
				CLANG_WARN__DUPLICATE_METHOD_MATCH = YES;
				COPY_PHASE_STRIP = NO;
				DEBUG_INFORMATION_FORMAT = dwarf;
				ENABLE_STRICT_OBJC_MSGSEND = YES;
				ENABLE_TESTABILITY = YES;
				GCC_C_LANGUAGE_STANDARD = gnu11;
				GCC_DYNAMIC_NO_PIC = NO;
				GCC_NO_COMMON_BLOCKS = YES;
				GCC_OPTIMIZATION_LEVEL = 0;
				GCC_PREPROCESSOR_DEFINITIONS = (
					"DEBUG=1",
					"$(inherited)",
				);
				GCC_WARN_64_TO_32_BIT_CONVERSION = YES;
				GCC_WARN_ABOUT_RETURN_TYPE = YES_ERROR;
				GCC_WARN_UNDECLARED_SELECTOR = YES;
				GCC_WARN_UNINITIALIZED_AUTOS = YES_AGGRESSIVE;
				GCC_WARN_UNUSED_FUNCTION = YES;
				GCC_WARN_UNUSED_VARIABLE = YES;
				IPHONEOS_DEPLOYMENT_TARGET = 13.5;
				MTL_ENABLE_DEBUG_INFO = INCLUDE_SOURCE;
				MTL_FAST_MATH = YES;
				ONLY_ACTIVE_ARCH = YES;
				SDKROOT = iphoneos;
				SWIFT_ACTIVE_COMPILATION_CONDITIONS = DEBUG;
				SWIFT_OPTIMIZATION_LEVEL = "-Onone";
			};
			name = Debug;
		};
		F859263F23E7E5B6001EDE5C /* Release */ = {
			isa = XCBuildConfiguration;
			buildSettings = {
				ALWAYS_SEARCH_USER_PATHS = NO;
				CLANG_ANALYZER_LOCALIZABILITY_NONLOCALIZED = YES;
				CLANG_ANALYZER_NONNULL = YES;
				CLANG_ANALYZER_NUMBER_OBJECT_CONVERSION = YES_AGGRESSIVE;
				CLANG_CXX_LANGUAGE_STANDARD = "gnu++14";
				CLANG_CXX_LIBRARY = "libc++";
				CLANG_ENABLE_MODULES = YES;
				CLANG_ENABLE_OBJC_ARC = YES;
				CLANG_ENABLE_OBJC_WEAK = YES;
				CLANG_WARN_BLOCK_CAPTURE_AUTORELEASING = YES;
				CLANG_WARN_BOOL_CONVERSION = YES;
				CLANG_WARN_COMMA = YES;
				CLANG_WARN_CONSTANT_CONVERSION = YES;
				CLANG_WARN_DEPRECATED_OBJC_IMPLEMENTATIONS = YES;
				CLANG_WARN_DIRECT_OBJC_ISA_USAGE = YES_ERROR;
				CLANG_WARN_DOCUMENTATION_COMMENTS = YES;
				CLANG_WARN_EMPTY_BODY = YES;
				CLANG_WARN_ENUM_CONVERSION = YES;
				CLANG_WARN_INFINITE_RECURSION = YES;
				CLANG_WARN_INT_CONVERSION = YES;
				CLANG_WARN_NON_LITERAL_NULL_CONVERSION = YES;
				CLANG_WARN_OBJC_IMPLICIT_RETAIN_SELF = YES;
				CLANG_WARN_OBJC_LITERAL_CONVERSION = YES;
				CLANG_WARN_OBJC_ROOT_CLASS = YES_ERROR;
				CLANG_WARN_QUOTED_INCLUDE_IN_FRAMEWORK_HEADER = YES;
				CLANG_WARN_RANGE_LOOP_ANALYSIS = YES;
				CLANG_WARN_STRICT_PROTOTYPES = YES;
				CLANG_WARN_SUSPICIOUS_MOVE = YES;
				CLANG_WARN_UNGUARDED_AVAILABILITY = YES_AGGRESSIVE;
				CLANG_WARN_UNREACHABLE_CODE = YES;
				CLANG_WARN__DUPLICATE_METHOD_MATCH = YES;
				COPY_PHASE_STRIP = NO;
				DEBUG_INFORMATION_FORMAT = "dwarf-with-dsym";
				ENABLE_NS_ASSERTIONS = NO;
				ENABLE_STRICT_OBJC_MSGSEND = YES;
				GCC_C_LANGUAGE_STANDARD = gnu11;
				GCC_NO_COMMON_BLOCKS = YES;
				GCC_WARN_64_TO_32_BIT_CONVERSION = YES;
				GCC_WARN_ABOUT_RETURN_TYPE = YES_ERROR;
				GCC_WARN_UNDECLARED_SELECTOR = YES;
				GCC_WARN_UNINITIALIZED_AUTOS = YES_AGGRESSIVE;
				GCC_WARN_UNUSED_FUNCTION = YES;
				GCC_WARN_UNUSED_VARIABLE = YES;
				IPHONEOS_DEPLOYMENT_TARGET = 13.5;
				MTL_ENABLE_DEBUG_INFO = NO;
				MTL_FAST_MATH = YES;
				SDKROOT = iphoneos;
				SWIFT_COMPILATION_MODE = wholemodule;
				SWIFT_OPTIMIZATION_LEVEL = "-O";
				VALIDATE_PRODUCT = YES;
			};
			name = Release;
		};
		F859264123E7E5B6001EDE5C /* Debug */ = {
			isa = XCBuildConfiguration;
			buildSettings = {
				ALWAYS_EMBED_SWIFT_STANDARD_LIBRARIES = YES;
				ASSETCATALOG_COMPILER_APPICON_NAME = AppIcon;
				CODE_SIGN_ENTITLEMENTS = Maester/Maester.entitlements;
				CODE_SIGN_IDENTITY = "Apple Development";
				CODE_SIGN_STYLE = Automatic;
				DEVELOPMENT_ASSET_PATHS = "\"Maester/Preview Content\"";
				DEVELOPMENT_TEAM = HBBSBKXTST;
				ENABLE_PREVIEWS = YES;
				INFOPLIST_FILE = Maester/Info.plist;
				LD_RUNPATH_SEARCH_PATHS = (
					"$(inherited)",
					"@executable_path/Frameworks",
				);
				MARKETING_VERSION = 1.1;
				PRODUCT_BUNDLE_IDENTIFIER = io.devfans.maester.Maester;
				PRODUCT_NAME = "$(TARGET_NAME)";
				PROVISIONING_PROFILE_SPECIFIER = "";
				SWIFT_VERSION = 5.0;
				TARGETED_DEVICE_FAMILY = "1,2";
			};
			name = Debug;
		};
		F859264223E7E5B6001EDE5C /* Release */ = {
			isa = XCBuildConfiguration;
			buildSettings = {
				ALWAYS_EMBED_SWIFT_STANDARD_LIBRARIES = YES;
				ASSETCATALOG_COMPILER_APPICON_NAME = AppIcon;
				CODE_SIGN_ENTITLEMENTS = Maester/Maester.entitlements;
				CODE_SIGN_IDENTITY = "Apple Development";
				CODE_SIGN_STYLE = Automatic;
				DEVELOPMENT_ASSET_PATHS = "\"Maester/Preview Content\"";
				DEVELOPMENT_TEAM = HBBSBKXTST;
				ENABLE_PREVIEWS = YES;
				INFOPLIST_FILE = Maester/Info.plist;
				LD_RUNPATH_SEARCH_PATHS = (
					"$(inherited)",
					"@executable_path/Frameworks",
				);
				MARKETING_VERSION = 1.1;
				PRODUCT_BUNDLE_IDENTIFIER = io.devfans.maester.Maester;
				PRODUCT_NAME = "$(TARGET_NAME)";
				PROVISIONING_PROFILE_SPECIFIER = "";
				SWIFT_VERSION = 5.0;
				TARGETED_DEVICE_FAMILY = "1,2";
			};
			name = Release;
		};
		F859264423E7E5B6001EDE5C /* Debug */ = {
			isa = XCBuildConfiguration;
			buildSettings = {
				ALWAYS_EMBED_SWIFT_STANDARD_LIBRARIES = YES;
				BUNDLE_LOADER = "$(TEST_HOST)";
				CODE_SIGN_STYLE = Automatic;
				DEVELOPMENT_TEAM = HBBSBKXTST;
				INFOPLIST_FILE = MaesterTests/Info.plist;
				IPHONEOS_DEPLOYMENT_TARGET = 13.2;
				LD_RUNPATH_SEARCH_PATHS = (
					"$(inherited)",
					"@executable_path/Frameworks",
					"@loader_path/Frameworks",
				);
				PRODUCT_BUNDLE_IDENTIFIER = io.devfans.maester.MaesterTests;
				PRODUCT_NAME = "$(TARGET_NAME)";
				SWIFT_VERSION = 5.0;
				TARGETED_DEVICE_FAMILY = "1,2";
				TEST_HOST = "$(BUILT_PRODUCTS_DIR)/Maester.app/Maester";
			};
			name = Debug;
		};
		F859264523E7E5B6001EDE5C /* Release */ = {
			isa = XCBuildConfiguration;
			buildSettings = {
				ALWAYS_EMBED_SWIFT_STANDARD_LIBRARIES = YES;
				BUNDLE_LOADER = "$(TEST_HOST)";
				CODE_SIGN_STYLE = Automatic;
				DEVELOPMENT_TEAM = HBBSBKXTST;
				INFOPLIST_FILE = MaesterTests/Info.plist;
				IPHONEOS_DEPLOYMENT_TARGET = 13.2;
				LD_RUNPATH_SEARCH_PATHS = (
					"$(inherited)",
					"@executable_path/Frameworks",
					"@loader_path/Frameworks",
				);
				PRODUCT_BUNDLE_IDENTIFIER = io.devfans.maester.MaesterTests;
				PRODUCT_NAME = "$(TARGET_NAME)";
				SWIFT_VERSION = 5.0;
				TARGETED_DEVICE_FAMILY = "1,2";
				TEST_HOST = "$(BUILT_PRODUCTS_DIR)/Maester.app/Maester";
			};
			name = Release;
		};
		F859264723E7E5B6001EDE5C /* Debug */ = {
			isa = XCBuildConfiguration;
			buildSettings = {
				ALWAYS_EMBED_SWIFT_STANDARD_LIBRARIES = YES;
				CODE_SIGN_STYLE = Automatic;
				DEVELOPMENT_TEAM = HBBSBKXTST;
				INFOPLIST_FILE = MaesterUITests/Info.plist;
				LD_RUNPATH_SEARCH_PATHS = (
					"$(inherited)",
					"@executable_path/Frameworks",
					"@loader_path/Frameworks",
				);
				PRODUCT_BUNDLE_IDENTIFIER = io.devfans.maester.MaesterUITests;
				PRODUCT_NAME = "$(TARGET_NAME)";
				SWIFT_VERSION = 5.0;
				TARGETED_DEVICE_FAMILY = "1,2";
				TEST_TARGET_NAME = Maester;
			};
			name = Debug;
		};
		F859264823E7E5B6001EDE5C /* Release */ = {
			isa = XCBuildConfiguration;
			buildSettings = {
				ALWAYS_EMBED_SWIFT_STANDARD_LIBRARIES = YES;
				CODE_SIGN_STYLE = Automatic;
				DEVELOPMENT_TEAM = HBBSBKXTST;
				INFOPLIST_FILE = MaesterUITests/Info.plist;
				LD_RUNPATH_SEARCH_PATHS = (
					"$(inherited)",
					"@executable_path/Frameworks",
					"@loader_path/Frameworks",
				);
				PRODUCT_BUNDLE_IDENTIFIER = io.devfans.maester.MaesterUITests;
				PRODUCT_NAME = "$(TARGET_NAME)";
				SWIFT_VERSION = 5.0;
				TARGETED_DEVICE_FAMILY = "1,2";
				TEST_TARGET_NAME = Maester;
			};
			name = Release;
		};
		F859269323EDDC61001EDE5C /* Debug */ = {
			isa = XCBuildConfiguration;
			buildSettings = {
				CODE_SIGN_STYLE = Automatic;
				DEVELOPMENT_TEAM = HBBSBKXTST;
				INFOPLIST_FILE = MSE/Info.plist;
				LD_RUNPATH_SEARCH_PATHS = (
					"$(inherited)",
					"@executable_path/Frameworks",
					"@executable_path/../../Frameworks",
				);
				MARKETING_VERSION = 1.1;
				PRODUCT_BUNDLE_IDENTIFIER = io.devfans.maester.Maester.MSE;
				PRODUCT_NAME = "$(TARGET_NAME)";
				SKIP_INSTALL = YES;
				SWIFT_VERSION = 5.0;
				TARGETED_DEVICE_FAMILY = "1,2";
			};
			name = Debug;
		};
		F859269423EDDC61001EDE5C /* Release */ = {
			isa = XCBuildConfiguration;
			buildSettings = {
				CODE_SIGN_STYLE = Automatic;
				DEVELOPMENT_TEAM = HBBSBKXTST;
				INFOPLIST_FILE = MSE/Info.plist;
				LD_RUNPATH_SEARCH_PATHS = (
					"$(inherited)",
					"@executable_path/Frameworks",
					"@executable_path/../../Frameworks",
				);
				MARKETING_VERSION = 1.1;
				PRODUCT_BUNDLE_IDENTIFIER = io.devfans.maester.Maester.MSE;
				PRODUCT_NAME = "$(TARGET_NAME)";
				SKIP_INSTALL = YES;
				SWIFT_VERSION = 5.0;
				TARGETED_DEVICE_FAMILY = "1,2";
			};
			name = Release;
		};
/* End XCBuildConfiguration section */

/* Begin XCConfigurationList section */
		F859260E23E7E5B5001EDE5C /* Build configuration list for PBXProject "Maester" */ = {
			isa = XCConfigurationList;
			buildConfigurations = (
				F859263E23E7E5B6001EDE5C /* Debug */,
				F859263F23E7E5B6001EDE5C /* Release */,
			);
			defaultConfigurationIsVisible = 0;
			defaultConfigurationName = Release;
		};
		F859264023E7E5B6001EDE5C /* Build configuration list for PBXNativeTarget "Maester" */ = {
			isa = XCConfigurationList;
			buildConfigurations = (
				F859264123E7E5B6001EDE5C /* Debug */,
				F859264223E7E5B6001EDE5C /* Release */,
			);
			defaultConfigurationIsVisible = 0;
			defaultConfigurationName = Release;
		};
		F859264323E7E5B6001EDE5C /* Build configuration list for PBXNativeTarget "MaesterTests" */ = {
			isa = XCConfigurationList;
			buildConfigurations = (
				F859264423E7E5B6001EDE5C /* Debug */,
				F859264523E7E5B6001EDE5C /* Release */,
			);
			defaultConfigurationIsVisible = 0;
			defaultConfigurationName = Release;
		};
		F859264623E7E5B6001EDE5C /* Build configuration list for PBXNativeTarget "MaesterUITests" */ = {
			isa = XCConfigurationList;
			buildConfigurations = (
				F859264723E7E5B6001EDE5C /* Debug */,
				F859264823E7E5B6001EDE5C /* Release */,
			);
			defaultConfigurationIsVisible = 0;
			defaultConfigurationName = Release;
		};
		F859269523EDDC61001EDE5C /* Build configuration list for PBXNativeTarget "MSE" */ = {
			isa = XCConfigurationList;
			buildConfigurations = (
				F859269323EDDC61001EDE5C /* Debug */,
				F859269423EDDC61001EDE5C /* Release */,
			);
			defaultConfigurationIsVisible = 0;
			defaultConfigurationName = Release;
		};
/* End XCConfigurationList section */

/* Begin XCVersionGroup section */
		F859261A23E7E5B5001EDE5C /* Maester.xcdatamodeld */ = {
			isa = XCVersionGroup;
			children = (
				F859261B23E7E5B5001EDE5C /* Maester.xcdatamodel */,
			);
			currentVersion = F859261B23E7E5B5001EDE5C /* Maester.xcdatamodel */;
			path = Maester.xcdatamodeld;
			sourceTree = "<group>";
			versionGroupType = wrapper.xcdatamodel;
		};
/* End XCVersionGroup section */
	};
	rootObject = F859260B23E7E5B5001EDE5C /* Project object */;
}
